// !$*UTF8*$!
{
	archiveVersion = 1;
	classes = {
	};
	objectVersion = 50;
	objects = {

/* Begin PBXBuildFile section */
		248EF83D21797B0E00ACB751 /* AppDelegate.swift in Sources */ = {isa = PBXBuildFile; fileRef = 248EF83C21797B0E00ACB751 /* AppDelegate.swift */; };
		248EF83F21797B0E00ACB751 /* ViewController.swift in Sources */ = {isa = PBXBuildFile; fileRef = 248EF83E21797B0E00ACB751 /* ViewController.swift */; };
		248EF84221797B0E00ACB751 /* Main.storyboard in Resources */ = {isa = PBXBuildFile; fileRef = 248EF84021797B0E00ACB751 /* Main.storyboard */; };
		248EF84421797B1800ACB751 /* Assets.xcassets in Resources */ = {isa = PBXBuildFile; fileRef = 248EF84321797B1800ACB751 /* Assets.xcassets */; };
		248EF84721797B1800ACB751 /* LaunchScreen.storyboard in Resources */ = {isa = PBXBuildFile; fileRef = 248EF84521797B1800ACB751 /* LaunchScreen.storyboard */; };
		248EF84F21797D1F00ACB751 /* CollectionViewCell.swift in Sources */ = {isa = PBXBuildFile; fileRef = 248EF84E21797D1F00ACB751 /* CollectionViewCell.swift */; };
/* End PBXBuildFile section */

/* Begin PBXFileReference section */
		248EF83921797B0E00ACB751 /* CollectionViewTrial.app */ = {isa = PBXFileReference; explicitFileType = wrapper.application; includeInIndex = 0; path = CollectionViewTrial.app; sourceTree = BUILT_PRODUCTS_DIR; };
		248EF83C21797B0E00ACB751 /* AppDelegate.swift */ = {isa = PBXFileReference; lastKnownFileType = sourcecode.swift; path = AppDelegate.swift; sourceTree = "<group>"; };
		248EF83E21797B0E00ACB751 /* ViewController.swift */ = {isa = PBXFileReference; lastKnownFileType = sourcecode.swift; path = ViewController.swift; sourceTree = "<group>"; };
		248EF84121797B0E00ACB751 /* Base */ = {isa = PBXFileReference; lastKnownFileType = file.storyboard; name = Base; path = Base.lproj/Main.storyboard; sourceTree = "<group>"; };
		248EF84321797B1800ACB751 /* Assets.xcassets */ = {isa = PBXFileReference; lastKnownFileType = folder.assetcatalog; path = Assets.xcassets; sourceTree = "<group>"; };
		248EF84621797B1800ACB751 /* Base */ = {isa = PBXFileReference; lastKnownFileType = file.storyboard; name = Base; path = Base.lproj/LaunchScreen.storyboard; sourceTree = "<group>"; };
		248EF84821797B1800ACB751 /* Info.plist */ = {isa = PBXFileReference; lastKnownFileType = text.plist.xml; path = Info.plist; sourceTree = "<group>"; };
		248EF84E21797D1F00ACB751 /* CollectionViewCell.swift */ = {isa = PBXFileReference; lastKnownFileType = sourcecode.swift; path = CollectionViewCell.swift; sourceTree = "<group>"; };
/* End PBXFileReference section */

/* Begin PBXFrameworksBuildPhase section */
		248EF83621797B0E00ACB751 /* Frameworks */ = {
			isa = PBXFrameworksBuildPhase;
			buildActionMask = 2147483647;
			files = (
			);
			runOnlyForDeploymentPostprocessing = 0;
		};
/* End PBXFrameworksBuildPhase section */

/* Begin PBXGroup section */
		248EF83021797B0E00ACB751 = {
			isa = PBXGroup;
			children = (
				248EF83B21797B0E00ACB751 /* CollectionViewTrial */,
				248EF83A21797B0E00ACB751 /* Products */,
			);
			sourceTree = "<group>";
		};
		248EF83A21797B0E00ACB751 /* Products */ = {
			isa = PBXGroup;
			children = (
				248EF83921797B0E00ACB751 /* CollectionViewTrial.app */,
			);
			name = Products;
			sourceTree = "<group>";
		};
		248EF83B21797B0E00ACB751 /* CollectionViewTrial */ = {
			isa = PBXGroup;
			children = (
				248EF83C21797B0E00ACB751 /* AppDelegate.swift */,
				248EF83E21797B0E00ACB751 /* ViewController.swift */,
				248EF84021797B0E00ACB751 /* Main.storyboard */,
				248EF84E21797D1F00ACB751 /* CollectionViewCell.swift */,
				248EF84321797B1800ACB751 /* Assets.xcassets */,
				248EF84521797B1800ACB751 /* LaunchScreen.storyboard */,
				248EF84821797B1800ACB751 /* Info.plist */,
			);
			path = CollectionViewTrial;
			sourceTree = "<group>";
		};
/* End PBXGroup section */

/* Begin PBXNativeTarget section */
		248EF83821797B0E00ACB751 /* CollectionViewTrial */ = {
			isa = PBXNativeTarget;
			buildConfigurationList = 248EF84B21797B1800ACB751 /* Build configuration list for PBXNativeTarget "CollectionViewTrial" */;
			buildPhases = (
				248EF83521797B0E00ACB751 /* Sources */,
				248EF83621797B0E00ACB751 /* Frameworks */,
				248EF83721797B0E00ACB751 /* Resources */,
			);
			buildRules = (
			);
			dependencies = (
			);
			name = CollectionViewTrial;
			productName = CollectionViewTrial;
			productReference = 248EF83921797B0E00ACB751 /* CollectionViewTrial.app */;
			productType = "com.apple.product-type.application";
		};
/* End PBXNativeTarget section */

/* Begin PBXProject section */
		248EF83121797B0E00ACB751 /* Project object */ = {
			isa = PBXProject;
			attributes = {
				LastSwiftUpdateCheck = 1000;
				LastUpgradeCheck = 1000;
				ORGANIZATIONNAME = "Nirmal Patel";
				TargetAttributes = {
					248EF83821797B0E00ACB751 = {
						CreatedOnToolsVersion = 10.0;
					};
				};
			};
			buildConfigurationList = 248EF83421797B0E00ACB751 /* Build configuration list for PBXProject "CollectionViewTrial" */;
			compatibilityVersion = "Xcode 9.3";
			developmentRegion = en;
			hasScannedForEncodings = 0;
			knownRegions = (
				en,
				Base,
			);
			mainGroup = 248EF83021797B0E00ACB751;
			productRefGroup = 248EF83A21797B0E00ACB751 /* Products */;
			projectDirPath = "";
			projectRoot = "";
			targets = (
				248EF83821797B0E00ACB751 /* CollectionViewTrial */,
			);
		};
/* End PBXProject section */

/* Begin PBXResourcesBuildPhase section */
		248EF83721797B0E00ACB751 /* Resources */ = {
			isa = PBXResourcesBuildPhase;
			buildActionMask = 2147483647;
			files = (
				248EF84721797B1800ACB751 /* LaunchScreen.storyboard in Resources */,
				248EF84421797B1800ACB751 /* Assets.xcassets in Resources */,
				248EF84221797B0E00ACB751 /* Main.storyboard in Resources */,
			);
			runOnlyForDeploymentPostprocessing = 0;
		};
/* End PBXResourcesBuildPhase section */

/* Begin PBXSourcesBuildPhase section */
		248EF83521797B0E00ACB751 /* Sources */ = {
			isa = PBXSourcesBuildPhase;
			buildActionMask = 2147483647;
			files = (
				248EF83F21797B0E00ACB751 /* ViewController.swift in Sources */,
				248EF83D21797B0E00ACB751 /* AppDelegate.swift in Sources */,
				248EF84F21797D1F00ACB751 /* CollectionViewCell.swift in Sources */,
			);
			runOnlyForDeploymentPostprocessing = 0;
		};
/* End PBXSourcesBuildPhase section */

/* Begin PBXVariantGroup section */
		248EF84021797B0E00ACB751 /* Main.storyboard */ = {
			isa = PBXVariantGroup;
			children = (
				248EF84121797B0E00ACB751 /* Base */,
			);
			name = Main.storyboard;
			sourceTree = "<group>";
		};
		248EF84521797B1800ACB751 /* LaunchScreen.storyboard */ = {
			isa = PBXVariantGroup;
			children = (
				248EF84621797B1800ACB751 /* Base */,
			);
			name = LaunchScreen.storyboard;
			sourceTree = "<group>";
		};
/* End PBXVariantGroup section */

/* Begin XCBuildConfiguration section */
		248EF84921797B1800ACB751 /* Debug */ = {
			isa = XCBuildConfiguration;
			buildSettings = {
				ALWAYS_SEARCH_USER_PATHS = NO;
				CLANG_ANALYZER_NONNULL = YES;
				CLANG_ANALYZER_NUMBER_OBJECT_CONVERSION = YES_AGGRESSIVE;
				CLANG_CXX_LANGUAGE_STANDARD = "gnu++14";
				CLANG_CXX_LIBRARY = "libc++";
				CLANG_ENABLE_MODULES = YES;
				CLANG_ENABLE_OBJC_ARC = YES;
				CLANG_ENABLE_OBJC_WEAK = YES;
				CLANG_WARN_BLOCK_CAPTURE_AUTORELEASING = YES;
				CLANG_WARN_BOOL_CONVERSION = YES;
				CLANG_WARN_COMMA = YES;
				CLANG_WARN_CONSTANT_CONVERSION = YES;
				CLANG_WARN_DEPRECATED_OBJC_IMPLEMENTATIONS = YES;
				CLANG_WARN_DIRECT_OBJC_ISA_USAGE = YES_ERROR;
				CLANG_WARN_DOCUMENTATION_COMMENTS = YES;
				CLANG_WARN_EMPTY_BODY = YES;
				CLANG_WARN_ENUM_CONVERSION = YES;
				CLANG_WARN_INFINITE_RECURSION = YES;
				CLANG_WARN_INT_CONVERSION = YES;
				CLANG_WARN_NON_LITERAL_NULL_CONVERSION = YES;
				CLANG_WARN_OBJC_IMPLICIT_RETAIN_SELF = YES;
				CLANG_WARN_OBJC_LITERAL_CONVERSION = YES;
				CLANG_WARN_OBJC_ROOT_CLASS = YES_ERROR;
				CLANG_WARN_RANGE_LOOP_ANALYSIS = YES;
				CLANG_WARN_STRICT_PROTOTYPES = YES;
				CLANG_WARN_SUSPICIOUS_MOVE = YES;
				CLANG_WARN_UNGUARDED_AVAILABILITY = YES_AGGRESSIVE;
				CLANG_WARN_UNREACHABLE_CODE = YES;
				CLANG_WARN__DUPLICATE_METHOD_MATCH = YES;
				CODE_SIGN_IDENTITY = "iPhone Developer";
				COPY_PHASE_STRIP = NO;
				DEBUG_INFORMATION_FORMAT = dwarf;
				ENABLE_STRICT_OBJC_MSGSEND = YES;
				ENABLE_TESTABILITY = YES;
				GCC_C_LANGUAGE_STANDARD = gnu11;
				GCC_DYNAMIC_NO_PIC = NO;
				GCC_NO_COMMON_BLOCKS = YES;
				GCC_OPTIMIZATION_LEVEL = 0;
				GCC_PREPROCESSOR_DEFINITIONS = (
					"DEBUG=1",
					"$(inherited)",
				);
				GCC_WARN_64_TO_32_BIT_CONVERSION = YES;
				GCC_WARN_ABOUT_RETURN_TYPE = YES_ERROR;
				GCC_WARN_UNDECLARED_SELECTOR = YES;
				GCC_WARN_UNINITIALIZED_AUTOS = YES_AGGRESSIVE;
				GCC_WARN_UNUSED_FUNCTION = YES;
				GCC_WARN_UNUSED_VARIABLE = YES;
				IPHONEOS_DEPLOYMENT_TARGET = 12.0;
				MTL_ENABLE_DEBUG_INFO = INCLUDE_SOURCE;
				MTL_FAST_MATH = YES;
				ONLY_ACTIVE_ARCH = YES;
				SDKROOT = iphoneos;
				SWIFT_ACTIVE_COMPILATION_CONDITIONS = DEBUG;
				SWIFT_OPTIMIZATION_LEVEL = "-Onone";
			};
			name = Debug;
		};
		248EF84A21797B1800ACB751 /* Release */ = {
			isa = XCBuildConfiguration;
			buildSettings = {
				ALWAYS_SEARCH_USER_PATHS = NO;
				CLANG_ANALYZER_NONNULL = YES;
				CLANG_ANALYZER_NUMBER_OBJECT_CONVERSION = YES_AGGRESSIVE;
				CLANG_CXX_LANGUAGE_STANDARD = "gnu++14";
				CLANG_CXX_LIBRARY = "libc++";
				CLANG_ENABLE_MODULES = YES;
				CLANG_ENABLE_OBJC_ARC = YES;
				CLANG_ENABLE_OBJC_WEAK = YES;
				CLANG_WARN_BLOCK_CAPTURE_AUTORELEASING = YES;
				CLANG_WARN_BOOL_CONVERSION = YES;
				CLANG_WARN_COMMA = YES;
				CLANG_WARN_CONSTANT_CONVERSION = YES;
				CLANG_WARN_DEPRECATED_OBJC_IMPLEMENTATIONS = YES;
				CLANG_WARN_DIRECT_OBJC_ISA_USAGE = YES_ERROR;
				CLANG_WARN_DOCUMENTATION_COMMENTS = YES;
				CLANG_WARN_EMPTY_BODY = YES;
				CLANG_WARN_ENUM_CONVERSION = YES;
				CLANG_WARN_INFINITE_RECURSION = YES;
				CLANG_WARN_INT_CONVERSION = YES;
				CLANG_WARN_NON_LITERAL_NULL_CONVERSION = YES;
				CLANG_WARN_OBJC_IMPLICIT_RETAIN_SELF = YES;
				CLANG_WARN_OBJC_LITERAL_CONVERSION = YES;
				CLANG_WARN_OBJC_ROOT_CLASS = YES_ERROR;
				CLANG_WARN_RANGE_LOOP_ANALYSIS = YES;
				CLANG_WARN_STRICT_PROTOTYPES = YES;
				CLANG_WARN_SUSPICIOUS_MOVE = YES;
				CLANG_WARN_UNGUARDED_AVAILABILITY = YES_AGGRESSIVE;
				CLANG_WARN_UNREACHABLE_CODE = YES;
				CLANG_WARN__DUPLICATE_METHOD_MATCH = YES;
				CODE_SIGN_IDENTITY = "iPhone Developer";
				COPY_PHASE_STRIP = NO;
				DEBUG_INFORMATION_FORMAT = "dwarf-with-dsym";
				ENABLE_NS_ASSERTIONS = NO;
				ENABLE_STRICT_OBJC_MSGSEND = YES;
				GCC_C_LANGUAGE_STANDARD = gnu11;
				GCC_NO_COMMON_BLOCKS = YES;
				GCC_WARN_64_TO_32_BIT_CONVERSION = YES;
				GCC_WARN_ABOUT_RETURN_TYPE = YES_ERROR;
				GCC_WARN_UNDECLARED_SELECTOR = YES;
				GCC_WARN_UNINITIALIZED_AUTOS = YES_AGGRESSIVE;
				GCC_WARN_UNUSED_FUNCTION = YES;
				GCC_WARN_UNUSED_VARIABLE = YES;
				IPHONEOS_DEPLOYMENT_TARGET = 12.0;
				MTL_ENABLE_DEBUG_INFO = NO;
				MTL_FAST_MATH = YES;
				SDKROOT = iphoneos;
				SWIFT_COMPILATION_MODE = wholemodule;
				SWIFT_OPTIMIZATION_LEVEL = "-O";
				VALIDATE_PRODUCT = YES;
			};
			name = Release;
		};
		248EF84C21797B1800ACB751 /* Debug */ = {
			isa = XCBuildConfiguration;
			buildSettings = {
				ASSETCATALOG_COMPILER_APPICON_NAME = AppIcon;
				CODE_SIGN_STYLE = Automatic;
				DEVELOPMENT_TEAM = 8QJFPRBX6R;
				INFOPLIST_FILE = CollectionViewTrial/Info.plist;
				LD_RUNPATH_SEARCH_PATHS = (
					"$(inherited)",
					"@executable_path/Frameworks",
				);
				PRODUCT_BUNDLE_IDENTIFIER = com.pitchers.hackApp.CollectionViewTrial;
				PRODUCT_NAME = "$(TARGET_NAME)";
				SWIFT_VERSION = 4.2;
				TARGETED_DEVICE_FAMILY = "1,2";
			};
			name = Debug;
		};
		248EF84D21797B1800ACB751 /* Release */ = {
			isa = XCBuildConfiguration;
			buildSettings = {
				ASSETCATALOG_COMPILER_APPICON_NAME = AppIcon;
				CODE_SIGN_STYLE = Automatic;
				DEVELOPMENT_TEAM = 8QJFPRBX6R;
				INFOPLIST_FILE = CollectionViewTrial/Info.plist;
				LD_RUNPATH_SEARCH_PATHS = (
					"$(inherited)",
					"@executable_path/Frameworks",
				);
				PRODUCT_BUNDLE_IDENTIFIER = com.pitchers.hackApp.CollectionViewTrial;
				PRODUCT_NAME = "$(TARGET_NAME)";
				SWIFT_VERSION = 4.2;
				TARGETED_DEVICE_FAMILY = "1,2";
			};
			name = Release;
		};
/* End XCBuildConfiguration section */

/* Begin XCConfigurationList section */
		248EF83421797B0E00ACB751 /* Build configuration list for PBXProject "CollectionViewTrial" */ = {
			isa = XCConfigurationList;
			buildConfigurations = (
				248EF84921797B1800ACB751 /* Debug */,
				248EF84A21797B1800ACB751 /* Release */,
			);
			defaultConfigurationIsVisible = 0;
			defaultConfigurationName = Release;
		};
		248EF84B21797B1800ACB751 /* Build configuration list for PBXNativeTarget "CollectionViewTrial" */ = {
			isa = XCConfigurationList;
			buildConfigurations = (
				248EF84C21797B1800ACB751 /* Debug */,
				248EF84D21797B1800ACB751 /* Release */,
			);
			defaultConfigurationIsVisible = 0;
			defaultConfigurationName = Release;
		};
/* End XCConfigurationList section */
	};
	rootObject = 248EF83121797B0E00ACB751 /* Project object */;
}
